
Microsoft Visual Studio Solution File, Format Version 12.00
Project("{2150E333-8FDC-42A3-9474-1A3956D46DE8}") = "Shared", "Shared", "{F75E5536-379D-4C27-9B36-8D571B8BF775}"
EndProject
Project("{2150E333-8FDC-42A3-9474-1A3956D46DE8}") = "src", "src", "{7043A5E3-34A2-4120-A319-372B0808DAA7}"
EndProject
Project("{2150E333-8FDC-42A3-9474-1A3956D46DE8}") = "Services", "Services", "{54E7F11B-2544-45D0-9D32-B8877239E158}"
EndProject
Project("{FAE04EC0-301F-11D3-BF4B-00C04F79EFBC}") = "ToDoList.Contracts", "ToDoList.Contracts\ToDoList.Contracts.csproj", "{92E5FF4D-E6DB-4BF7-A866-FF0EF262B06E}"
EndProject
Project("{2150E333-8FDC-42A3-9474-1A3956D46DE8}") = "User", "User", "{FCF09D9D-A690-46BC-A569-C74F65BDC740}"
EndProject
Project("{FAE04EC0-301F-11D3-BF4B-00C04F79EFBC}") = "User.API", "User.API\User.API.csproj", "{7FA359C4-F447-4052-AC67-37C81F62D950}"
EndProject
Project("{FAE04EC0-301F-11D3-BF4B-00C04F79EFBC}") = "User.Core", "User.Core\User.Core.csproj", "{0EC46BEB-FDD2-46F9-A1DB-43619DFD2B6C}"
EndProject
Project("{FAE04EC0-301F-11D3-BF4B-00C04F79EFBC}") = "User.Persistence", "User.Persistence\User.Persistence.csproj", "{00601543-E3C0-4BCE-8184-DDA245960871}"
EndProject
Project("{2150E333-8FDC-42A3-9474-1A3956D46DE8}") = "Task", "Task", "{64334700-8A2B-4D5A-8773-492D322A19E3}"
EndProject
Project("{FAE04EC0-301F-11D3-BF4B-00C04F79EFBC}") = "Task.API", "Task.API\Task.API.csproj", "{C0924592-48EF-4EC2-856F-EF65625B9BC8}"
EndProject
Project("{FAE04EC0-301F-11D3-BF4B-00C04F79EFBC}") = "Task.Core", "Task.Core\Task.Core.csproj", "{F5C15597-D101-42FF-9CDD-8E9A5D1B43E3}"
EndProject
Project("{FAE04EC0-301F-11D3-BF4B-00C04F79EFBC}") = "Task.Persistence", "Task.Persistence\Task.Persistence.csproj", "{518908FE-DAB2-46D2-9A2D-90DC21FF256C}"
EndProject
Project("{2150E333-8FDC-42A3-9474-1A3956D46DE8}") = "Auth", "Auth", "{4621CAC6-62E7-4C1E-8BF0-501E191539DA}"
EndProject
Project("{FAE04EC0-301F-11D3-BF4B-00C04F79EFBC}") = "Auth.API", "Auth.API\Auth.API.csproj", "{CA448E85-3298-41F1-A780-54FFC47F0E96}"
EndProject
Project("{FAE04EC0-301F-11D3-BF4B-00C04F79EFBC}") = "Auth.Core", "Auth.Core\Auth.Core.csproj", "{7878BEB8-66D7-470C-99F3-7759D46A7E4D}"
EndProject
Project("{FAE04EC0-301F-11D3-BF4B-00C04F79EFBC}") = "Auth.Persistence", "Auth.Persistence\Auth.Persistence.csproj", "{DF43B69C-5055-4C74-8338-5E495EB01CB6}"
EndProject
Global
	GlobalSection(SolutionConfigurationPlatforms) = preSolution
		Debug|Any CPU = Debug|Any CPU
		Release|Any CPU = Release|Any CPU
	EndGlobalSection
	GlobalSection(NestedProjects) = preSolution
		{54E7F11B-2544-45D0-9D32-B8877239E158} = {7043A5E3-34A2-4120-A319-372B0808DAA7}
		{92E5FF4D-E6DB-4BF7-A866-FF0EF262B06E} = {F75E5536-379D-4C27-9B36-8D571B8BF775}
		{FCF09D9D-A690-46BC-A569-C74F65BDC740} = {54E7F11B-2544-45D0-9D32-B8877239E158}
		{7FA359C4-F447-4052-AC67-37C81F62D950} = {FCF09D9D-A690-46BC-A569-C74F65BDC740}
		{0EC46BEB-FDD2-46F9-A1DB-43619DFD2B6C} = {FCF09D9D-A690-46BC-A569-C74F65BDC740}
		{00601543-E3C0-4BCE-8184-DDA245960871} = {FCF09D9D-A690-46BC-A569-C74F65BDC740}
		{64334700-8A2B-4D5A-8773-492D322A19E3} = {54E7F11B-2544-45D0-9D32-B8877239E158}
		{C0924592-48EF-4EC2-856F-EF65625B9BC8} = {64334700-8A2B-4D5A-8773-492D322A19E3}
		{F5C15597-D101-42FF-9CDD-8E9A5D1B43E3} = {64334700-8A2B-4D5A-8773-492D322A19E3}
		{518908FE-DAB2-46D2-9A2D-90DC21FF256C} = {64334700-8A2B-4D5A-8773-492D322A19E3}
		{4621CAC6-62E7-4C1E-8BF0-501E191539DA} = {54E7F11B-2544-45D0-9D32-B8877239E158}
		{CA448E85-3298-41F1-A780-54FFC47F0E96} = {4621CAC6-62E7-4C1E-8BF0-501E191539DA}
		{7878BEB8-66D7-470C-99F3-7759D46A7E4D} = {4621CAC6-62E7-4C1E-8BF0-501E191539DA}
		{DF43B69C-5055-4C74-8338-5E495EB01CB6} = {4621CAC6-62E7-4C1E-8BF0-501E191539DA}
	EndGlobalSection
	GlobalSection(ProjectConfigurationPlatforms) = postSolution
		{92E5FF4D-E6DB-4BF7-A866-FF0EF262B06E}.Debug|Any CPU.ActiveCfg = Debug|Any CPU
		{92E5FF4D-E6DB-4BF7-A866-FF0EF262B06E}.Debug|Any CPU.Build.0 = Debug|Any CPU
		{92E5FF4D-E6DB-4BF7-A866-FF0EF262B06E}.Release|Any CPU.ActiveCfg = Release|Any CPU
		{92E5FF4D-E6DB-4BF7-A866-FF0EF262B06E}.Release|Any CPU.Build.0 = Release|Any CPU
		{7FA359C4-F447-4052-AC67-37C81F62D950}.Debug|Any CPU.ActiveCfg = Debug|Any CPU
		{7FA359C4-F447-4052-AC67-37C81F62D950}.Debug|Any CPU.Build.0 = Debug|Any CPU
		{7FA359C4-F447-4052-AC67-37C81F62D950}.Release|Any CPU.ActiveCfg = Release|Any CPU
		{7FA359C4-F447-4052-AC67-37C81F62D950}.Release|Any CPU.Build.0 = Release|Any CPU
		{0EC46BEB-FDD2-46F9-A1DB-43619DFD2B6C}.Debug|Any CPU.ActiveCfg = Debug|Any CPU
		{0EC46BEB-FDD2-46F9-A1DB-43619DFD2B6C}.Debug|Any CPU.Build.0 = Debug|Any CPU
		{0EC46BEB-FDD2-46F9-A1DB-43619DFD2B6C}.Release|Any CPU.ActiveCfg = Release|Any CPU
		{0EC46BEB-FDD2-46F9-A1DB-43619DFD2B6C}.Release|Any CPU.Build.0 = Release|Any CPU
		{00601543-E3C0-4BCE-8184-DDA245960871}.Debug|Any CPU.ActiveCfg = Debug|Any CPU
		{00601543-E3C0-4BCE-8184-DDA245960871}.Debug|Any CPU.Build.0 = Debug|Any CPU
		{00601543-E3C0-4BCE-8184-DDA245960871}.Release|Any CPU.ActiveCfg = Release|Any CPU
		{00601543-E3C0-4BCE-8184-DDA245960871}.Release|Any CPU.Build.0 = Release|Any CPU
		{C0924592-48EF-4EC2-856F-EF65625B9BC8}.Debug|Any CPU.ActiveCfg = Debug|Any CPU
		{C0924592-48EF-4EC2-856F-EF65625B9BC8}.Debug|Any CPU.Build.0 = Debug|Any CPU
		{C0924592-48EF-4EC2-856F-EF65625B9BC8}.Release|Any CPU.ActiveCfg = Release|Any CPU
		{C0924592-48EF-4EC2-856F-EF65625B9BC8}.Release|Any CPU.Build.0 = Release|Any CPU
		{F5C15597-D101-42FF-9CDD-8E9A5D1B43E3}.Debug|Any CPU.ActiveCfg = Debug|Any CPU
		{F5C15597-D101-42FF-9CDD-8E9A5D1B43E3}.Debug|Any CPU.Build.0 = Debug|Any CPU
		{F5C15597-D101-42FF-9CDD-8E9A5D1B43E3}.Release|Any CPU.ActiveCfg = Release|Any CPU
		{F5C15597-D101-42FF-9CDD-8E9A5D1B43E3}.Release|Any CPU.Build.0 = Release|Any CPU
		{518908FE-DAB2-46D2-9A2D-90DC21FF256C}.Debug|Any CPU.ActiveCfg = Debug|Any CPU
		{518908FE-DAB2-46D2-9A2D-90DC21FF256C}.Debug|Any CPU.Build.0 = Debug|Any CPU
		{518908FE-DAB2-46D2-9A2D-90DC21FF256C}.Release|Any CPU.ActiveCfg = Release|Any CPU
		{518908FE-DAB2-46D2-9A2D-90DC21FF256C}.Release|Any CPU.Build.0 = Release|Any CPU
		{CA448E85-3298-41F1-A780-54FFC47F0E96}.Debug|Any CPU.ActiveCfg = Debug|Any CPU
		{CA448E85-3298-41F1-A780-54FFC47F0E96}.Debug|Any CPU.Build.0 = Debug|Any CPU
		{CA448E85-3298-41F1-A780-54FFC47F0E96}.Release|Any CPU.ActiveCfg = Release|Any CPU
		{CA448E85-3298-41F1-A780-54FFC47F0E96}.Release|Any CPU.Build.0 = Release|Any CPU
		{7878BEB8-66D7-470C-99F3-7759D46A7E4D}.Debug|Any CPU.ActiveCfg = Debug|Any CPU
		{7878BEB8-66D7-470C-99F3-7759D46A7E4D}.Debug|Any CPU.Build.0 = Debug|Any CPU
		{7878BEB8-66D7-470C-99F3-7759D46A7E4D}.Release|Any CPU.ActiveCfg = Release|Any CPU
		{7878BEB8-66D7-470C-99F3-7759D46A7E4D}.Release|Any CPU.Build.0 = Release|Any CPU
		{DF43B69C-5055-4C74-8338-5E495EB01CB6}.Debug|Any CPU.ActiveCfg = Debug|Any CPU
		{DF43B69C-5055-4C74-8338-5E495EB01CB6}.Debug|Any CPU.Build.0 = Debug|Any CPU
		{DF43B69C-5055-4C74-8338-5E495EB01CB6}.Release|Any CPU.ActiveCfg = Release|Any CPU
		{DF43B69C-5055-4C74-8338-5E495EB01CB6}.Release|Any CPU.Build.0 = Release|Any CPU
	EndGlobalSection
EndGlobal
