
Microsoft Visual Studio Solution File, Format Version 12.00
Project("{2150E333-8FDC-42A3-9474-1A3956D46DE8}") = "Shared", "Shared", "{F75E5536-379D-4C27-9B36-8D571B8BF775}"
EndProject
Project("{2150E333-8FDC-42A3-9474-1A3956D46DE8}") = "src", "src", "{7043A5E3-34A2-4120-A319-372B0808DAA7}"
EndProject
Project("{2150E333-8FDC-42A3-9474-1A3956D46DE8}") = "Services", "Services", "{54E7F11B-2544-45D0-9D32-B8877239E158}"
EndProject
Project("{FAE04EC0-301F-11D3-BF4B-00C04F79EFBC}") = "ToDoList.Contracts", "ToDoList.Contracts\ToDoList.Contracts.csproj", "{92E5FF4D-E6DB-4BF7-A866-FF0EF262B06E}"
EndProject
Project("{2150E333-8FDC-42A3-9474-1A3956D46DE8}") = "User", "User", "{FCF09D9D-A690-46BC-A569-C74F65BDC740}"
EndProject
Project("{FAE04EC0-301F-11D3-BF4B-00C04F79EFBC}") = "User.API", "User.API\User.API.csproj", "{7FA359C4-F447-4052-AC67-37C81F62D950}"
EndProject
Project("{FAE04EC0-301F-11D3-BF4B-00C04F79EFBC}") = "User.Core", "User.Core\User.Core.csproj", "{0EC46BEB-FDD2-46F9-A1DB-43619DFD2B6C}"
EndProject
Project("{FAE04EC0-301F-11D3-BF4B-00C04F79EFBC}") = "User.Persistence", "User.Persistence\User.Persistence.csproj", "{00601543-E3C0-4BCE-8184-DDA245960871}"
EndProject
Global
	GlobalSection(SolutionConfigurationPlatforms) = preSolution
		Debug|Any CPU = Debug|Any CPU
		Release|Any CPU = Release|Any CPU
	EndGlobalSection
	GlobalSection(NestedProjects) = preSolution
		{54E7F11B-2544-45D0-9D32-B8877239E158} = {7043A5E3-34A2-4120-A319-372B0808DAA7}
		{92E5FF4D-E6DB-4BF7-A866-FF0EF262B06E} = {F75E5536-379D-4C27-9B36-8D571B8BF775}
		{FCF09D9D-A690-46BC-A569-C74F65BDC740} = {54E7F11B-2544-45D0-9D32-B8877239E158}
		{7FA359C4-F447-4052-AC67-37C81F62D950} = {FCF09D9D-A690-46BC-A569-C74F65BDC740}
		{0EC46BEB-FDD2-46F9-A1DB-43619DFD2B6C} = {FCF09D9D-A690-46BC-A569-C74F65BDC740}
		{00601543-E3C0-4BCE-8184-DDA245960871} = {FCF09D9D-A690-46BC-A569-C74F65BDC740}
	EndGlobalSection
	GlobalSection(ProjectConfigurationPlatforms) = postSolution
		{92E5FF4D-E6DB-4BF7-A866-FF0EF262B06E}.Debug|Any CPU.ActiveCfg = Debug|Any CPU
		{92E5FF4D-E6DB-4BF7-A866-FF0EF262B06E}.Debug|Any CPU.Build.0 = Debug|Any CPU
		{92E5FF4D-E6DB-4BF7-A866-FF0EF262B06E}.Release|Any CPU.ActiveCfg = Release|Any CPU
		{92E5FF4D-E6DB-4BF7-A866-FF0EF262B06E}.Release|Any CPU.Build.0 = Release|Any CPU
		{7FA359C4-F447-4052-AC67-37C81F62D950}.Debug|Any CPU.ActiveCfg = Debug|Any CPU
		{7FA359C4-F447-4052-AC67-37C81F62D950}.Debug|Any CPU.Build.0 = Debug|Any CPU
		{7FA359C4-F447-4052-AC67-37C81F62D950}.Release|Any CPU.ActiveCfg = Release|Any CPU
		{7FA359C4-F447-4052-AC67-37C81F62D950}.Release|Any CPU.Build.0 = Release|Any CPU
		{0EC46BEB-FDD2-46F9-A1DB-43619DFD2B6C}.Debug|Any CPU.ActiveCfg = Debug|Any CPU
		{0EC46BEB-FDD2-46F9-A1DB-43619DFD2B6C}.Debug|Any CPU.Build.0 = Debug|Any CPU
		{0EC46BEB-FDD2-46F9-A1DB-43619DFD2B6C}.Release|Any CPU.ActiveCfg = Release|Any CPU
		{0EC46BEB-FDD2-46F9-A1DB-43619DFD2B6C}.Release|Any CPU.Build.0 = Release|Any CPU
		{00601543-E3C0-4BCE-8184-DDA245960871}.Debug|Any CPU.ActiveCfg = Debug|Any CPU
		{00601543-E3C0-4BCE-8184-DDA245960871}.Debug|Any CPU.Build.0 = Debug|Any CPU
		{00601543-E3C0-4BCE-8184-DDA245960871}.Release|Any CPU.ActiveCfg = Release|Any CPU
		{00601543-E3C0-4BCE-8184-DDA245960871}.Release|Any CPU.Build.0 = Release|Any CPU
	EndGlobalSection
EndGlobal
